
Microsoft Visual Studio Solution File, Format Version 12.00
# Visual Studio Version 17
VisualStudioVersion = 17.3.32804.467
MinimumVisualStudioVersion = 10.0.40219.1
Project("{FAE04EC0-301F-11D3-BF4B-00C04F79EFBC}") = "obrazkyyy", "obrazkyyy\obrazkyyy.csproj", "{C34F9C37-41E8-4D2D-8F35-A7459CA0DA52}"
EndProject
Global
	GlobalSection(SolutionConfigurationPlatforms) = preSolution
		Debug|Any CPU = Debug|Any CPU
		Release|Any CPU = Release|Any CPU
	EndGlobalSection
	GlobalSection(ProjectConfigurationPlatforms) = postSolution
		{C34F9C37-41E8-4D2D-8F35-A7459CA0DA52}.Debug|Any CPU.ActiveCfg = Debug|Any CPU
		{C34F9C37-41E8-4D2D-8F35-A7459CA0DA52}.Debug|Any CPU.Build.0 = Debug|Any CPU
		{C34F9C37-41E8-4D2D-8F35-A7459CA0DA52}.Release|Any CPU.ActiveCfg = Release|Any CPU
		{C34F9C37-41E8-4D2D-8F35-A7459CA0DA52}.Release|Any CPU.Build.0 = Release|Any CPU
	EndGlobalSection
	GlobalSection(SolutionProperties) = preSolution
		HideSolutionNode = FALSE
	EndGlobalSection
	GlobalSection(ExtensibilityGlobals) = postSolution
		SolutionGuid = {78BCD7E8-4D0E-40E4-8129-FB070FB3912C}
	EndGlobalSection
EndGlobal
